// !$*UTF8*$!
{
	archiveVersion = 1;
	classes = {
	};
	objectVersion = 56;
	objects = {

/* Begin PBXBuildFile section */
		F9D268DA2C514D1F0096BC47 /* AppDelegate.swift in Sources */ = {isa = PBXBuildFile; fileRef = F9D268D92C514D1F0096BC47 /* AppDelegate.swift */; };
		F9D268DC2C514D1F0096BC47 /* SceneDelegate.swift in Sources */ = {isa = PBXBuildFile; fileRef = F9D268DB2C514D1F0096BC47 /* SceneDelegate.swift */; };
		F9D268E12C514D1F0096BC47 /* Main.storyboard in Resources */ = {isa = PBXBuildFile; fileRef = F9D268DF2C514D1F0096BC47 /* Main.storyboard */; };
		F9D268E32C514D210096BC47 /* Assets.xcassets in Resources */ = {isa = PBXBuildFile; fileRef = F9D268E22C514D210096BC47 /* Assets.xcassets */; };
		F9D268E62C514D210096BC47 /* LaunchScreen.storyboard in Resources */ = {isa = PBXBuildFile; fileRef = F9D268E42C514D210096BC47 /* LaunchScreen.storyboard */; };
		F9D268EE2C5153490096BC47 /* LoginVC.swift in Sources */ = {isa = PBXBuildFile; fileRef = F9D268ED2C5153490096BC47 /* LoginVC.swift */; };
		F9D268F02C5155DC0096BC47 /* HelperClass.swift in Sources */ = {isa = PBXBuildFile; fileRef = F9D268EF2C5155DC0096BC47 /* HelperClass.swift */; };
		F9D268F22C516D330096BC47 /* HomeVC.swift in Sources */ = {isa = PBXBuildFile; fileRef = F9D268F12C516D330096BC47 /* HomeVC.swift */; };
		F9D268F42C516EDE0096BC47 /* Models.swift in Sources */ = {isa = PBXBuildFile; fileRef = F9D268F32C516EDE0096BC47 /* Models.swift */; };
		F9D268F62C5173BB0096BC47 /* EmployeesVC.swift in Sources */ = {isa = PBXBuildFile; fileRef = F9D268F52C5173BA0096BC47 /* EmployeesVC.swift */; };
		F9D268FA2C5189920096BC47 /* TableCell.swift in Sources */ = {isa = PBXBuildFile; fileRef = F9D268F82C5189920096BC47 /* TableCell.swift */; };
		F9D268FB2C5189920096BC47 /* TableCell.xib in Resources */ = {isa = PBXBuildFile; fileRef = F9D268F92C5189920096BC47 /* TableCell.xib */; };
/* End PBXBuildFile section */

/* Begin PBXFileReference section */
		F9D268D62C514D1F0096BC47 /* Assignment.app */ = {isa = PBXFileReference; explicitFileType = wrapper.application; includeInIndex = 0; path = Assignment.app; sourceTree = BUILT_PRODUCTS_DIR; };
		F9D268D92C514D1F0096BC47 /* AppDelegate.swift */ = {isa = PBXFileReference; lastKnownFileType = sourcecode.swift; path = AppDelegate.swift; sourceTree = "<group>"; };
		F9D268DB2C514D1F0096BC47 /* SceneDelegate.swift */ = {isa = PBXFileReference; lastKnownFileType = sourcecode.swift; path = SceneDelegate.swift; sourceTree = "<group>"; };
		F9D268E02C514D1F0096BC47 /* Base */ = {isa = PBXFileReference; lastKnownFileType = file.storyboard; name = Base; path = Base.lproj/Main.storyboard; sourceTree = "<group>"; };
		F9D268E22C514D210096BC47 /* Assets.xcassets */ = {isa = PBXFileReference; lastKnownFileType = folder.assetcatalog; path = Assets.xcassets; sourceTree = "<group>"; };
		F9D268E52C514D210096BC47 /* Base */ = {isa = PBXFileReference; lastKnownFileType = file.storyboard; name = Base; path = Base.lproj/LaunchScreen.storyboard; sourceTree = "<group>"; };
		F9D268E72C514D210096BC47 /* Info.plist */ = {isa = PBXFileReference; lastKnownFileType = text.plist.xml; path = Info.plist; sourceTree = "<group>"; };
		F9D268ED2C5153490096BC47 /* LoginVC.swift */ = {isa = PBXFileReference; lastKnownFileType = sourcecode.swift; path = LoginVC.swift; sourceTree = "<group>"; };
		F9D268EF2C5155DC0096BC47 /* HelperClass.swift */ = {isa = PBXFileReference; lastKnownFileType = sourcecode.swift; path = HelperClass.swift; sourceTree = "<group>"; };
		F9D268F12C516D330096BC47 /* HomeVC.swift */ = {isa = PBXFileReference; lastKnownFileType = sourcecode.swift; path = HomeVC.swift; sourceTree = "<group>"; };
		F9D268F32C516EDE0096BC47 /* Models.swift */ = {isa = PBXFileReference; lastKnownFileType = sourcecode.swift; path = Models.swift; sourceTree = "<group>"; };
		F9D268F52C5173BA0096BC47 /* EmployeesVC.swift */ = {isa = PBXFileReference; lastKnownFileType = sourcecode.swift; path = EmployeesVC.swift; sourceTree = "<group>"; };
		F9D268F82C5189920096BC47 /* TableCell.swift */ = {isa = PBXFileReference; lastKnownFileType = sourcecode.swift; path = TableCell.swift; sourceTree = "<group>"; };
		F9D268F92C5189920096BC47 /* TableCell.xib */ = {isa = PBXFileReference; lastKnownFileType = file.xib; path = TableCell.xib; sourceTree = "<group>"; };
/* End PBXFileReference section */

/* Begin PBXFrameworksBuildPhase section */
		F9D268D32C514D1F0096BC47 /* Frameworks */ = {
			isa = PBXFrameworksBuildPhase;
			buildActionMask = 2147483647;
			files = (
			);
			runOnlyForDeploymentPostprocessing = 0;
		};
/* End PBXFrameworksBuildPhase section */

/* Begin PBXGroup section */
		F9D268CD2C514D1F0096BC47 = {
			isa = PBXGroup;
			children = (
				F9D268D82C514D1F0096BC47 /* Assignment */,
				F9D268D72C514D1F0096BC47 /* Products */,
			);
			sourceTree = "<group>";
		};
		F9D268D72C514D1F0096BC47 /* Products */ = {
			isa = PBXGroup;
			children = (
				F9D268D62C514D1F0096BC47 /* Assignment.app */,
			);
			name = Products;
			sourceTree = "<group>";
		};
		F9D268D82C514D1F0096BC47 /* Assignment */ = {
			isa = PBXGroup;
			children = (
				F9D269002C519DEF0096BC47 /* Helpers */,
				F9D268FF2C519DC80096BC47 /* Storybords */,
				F9D268FE2C519DB00096BC47 /* Delegates */,
				F9D268FD2C519D7C0096BC47 /* Home_Screen */,
				F9D268FC2C519D510096BC47 /* Login */,
				F9D268F72C5189630096BC47 /* employe */,
				F9D268E22C514D210096BC47 /* Assets.xcassets */,
				F9D268E72C514D210096BC47 /* Info.plist */,
			);
			path = Assignment;
			sourceTree = "<group>";
		};
		F9D268F72C5189630096BC47 /* employe */ = {
			isa = PBXGroup;
			children = (
				F9D268F52C5173BA0096BC47 /* EmployeesVC.swift */,
				F9D268F82C5189920096BC47 /* TableCell.swift */,
				F9D268F92C5189920096BC47 /* TableCell.xib */,
			);
			path = employe;
			sourceTree = "<group>";
		};
		F9D268FC2C519D510096BC47 /* Login */ = {
			isa = PBXGroup;
			children = (
				F9D268ED2C5153490096BC47 /* LoginVC.swift */,
			);
			path = Login;
			sourceTree = "<group>";
		};
		F9D268FD2C519D7C0096BC47 /* Home_Screen */ = {
			isa = PBXGroup;
			children = (
				F9D268F12C516D330096BC47 /* HomeVC.swift */,
			);
			path = Home_Screen;
			sourceTree = "<group>";
		};
		F9D268FE2C519DB00096BC47 /* Delegates */ = {
			isa = PBXGroup;
			children = (
				F9D268D92C514D1F0096BC47 /* AppDelegate.swift */,
				F9D268DB2C514D1F0096BC47 /* SceneDelegate.swift */,
			);
			path = Delegates;
			sourceTree = "<group>";
		};
		F9D268FF2C519DC80096BC47 /* Storybords */ = {
			isa = PBXGroup;
			children = (
				F9D268DF2C514D1F0096BC47 /* Main.storyboard */,
				F9D268E42C514D210096BC47 /* LaunchScreen.storyboard */,
			);
			path = Storybords;
			sourceTree = "<group>";
		};
		F9D269002C519DEF0096BC47 /* Helpers */ = {
			isa = PBXGroup;
			children = (
				F9D268EF2C5155DC0096BC47 /* HelperClass.swift */,
				F9D268F32C516EDE0096BC47 /* Models.swift */,
			);
			path = Helpers;
			sourceTree = "<group>";
		};
/* End PBXGroup section */

/* Begin PBXNativeTarget section */
		F9D268D52C514D1F0096BC47 /* Assignment */ = {
			isa = PBXNativeTarget;
			buildConfigurationList = F9D268EA2C514D210096BC47 /* Build configuration list for PBXNativeTarget "Assignment" */;
			buildPhases = (
				F9D268D22C514D1F0096BC47 /* Sources */,
				F9D268D32C514D1F0096BC47 /* Frameworks */,
				F9D268D42C514D1F0096BC47 /* Resources */,
			);
			buildRules = (
			);
			dependencies = (
			);
			name = Assignment;
			productName = Assignment;
			productReference = F9D268D62C514D1F0096BC47 /* Assignment.app */;
			productType = "com.apple.product-type.application";
		};
/* End PBXNativeTarget section */

/* Begin PBXProject section */
		F9D268CE2C514D1F0096BC47 /* Project object */ = {
			isa = PBXProject;
			attributes = {
				BuildIndependentTargetsInParallel = 1;
				LastSwiftUpdateCheck = 1500;
				LastUpgradeCheck = 1500;
				TargetAttributes = {
					F9D268D52C514D1F0096BC47 = {
						CreatedOnToolsVersion = 15.0.1;
					};
				};
			};
			buildConfigurationList = F9D268D12C514D1F0096BC47 /* Build configuration list for PBXProject "Assignment" */;
			compatibilityVersion = "Xcode 14.0";
			developmentRegion = en;
			hasScannedForEncodings = 0;
			knownRegions = (
				en,
				Base,
			);
			mainGroup = F9D268CD2C514D1F0096BC47;
			productRefGroup = F9D268D72C514D1F0096BC47 /* Products */;
			projectDirPath = "";
			projectRoot = "";
			targets = (
				F9D268D52C514D1F0096BC47 /* Assignment */,
			);
		};
/* End PBXProject section */

/* Begin PBXResourcesBuildPhase section */
		F9D268D42C514D1F0096BC47 /* Resources */ = {
			isa = PBXResourcesBuildPhase;
			buildActionMask = 2147483647;
			files = (
				F9D268E62C514D210096BC47 /* LaunchScreen.storyboard in Resources */,
				F9D268E32C514D210096BC47 /* Assets.xcassets in Resources */,
				F9D268FB2C5189920096BC47 /* TableCell.xib in Resources */,
				F9D268E12C514D1F0096BC47 /* Main.storyboard in Resources */,
			);
			runOnlyForDeploymentPostprocessing = 0;
		};
/* End PBXResourcesBuildPhase section */

/* Begin PBXSourcesBuildPhase section */
		F9D268D22C514D1F0096BC47 /* Sources */ = {
			isa = PBXSourcesBuildPhase;
			buildActionMask = 2147483647;
			files = (
				F9D268F62C5173BB0096BC47 /* EmployeesVC.swift in Sources */,
				F9D268DA2C514D1F0096BC47 /* AppDelegate.swift in Sources */,
				F9D268FA2C5189920096BC47 /* TableCell.swift in Sources */,
				F9D268F22C516D330096BC47 /* HomeVC.swift in Sources */,
				F9D268EE2C5153490096BC47 /* LoginVC.swift in Sources */,
				F9D268F42C516EDE0096BC47 /* Models.swift in Sources */,
				F9D268F02C5155DC0096BC47 /* HelperClass.swift in Sources */,
				F9D268DC2C514D1F0096BC47 /* SceneDelegate.swift in Sources */,
			);
			runOnlyForDeploymentPostprocessing = 0;
		};
/* End PBXSourcesBuildPhase section */

/* Begin PBXVariantGroup section */
		F9D268DF2C514D1F0096BC47 /* Main.storyboard */ = {
			isa = PBXVariantGroup;
			children = (
				F9D268E02C514D1F0096BC47 /* Base */,
			);
			name = Main.storyboard;
			sourceTree = "<group>";
		};
		F9D268E42C514D210096BC47 /* LaunchScreen.storyboard */ = {
			isa = PBXVariantGroup;
			children = (
				F9D268E52C514D210096BC47 /* Base */,
			);
			name = LaunchScreen.storyboard;
			sourceTree = "<group>";
		};
/* End PBXVariantGroup section */

/* Begin XCBuildConfiguration section */
		F9D268E82C514D210096BC47 /* Debug */ = {
			isa = XCBuildConfiguration;
			buildSettings = {
				ALWAYS_SEARCH_USER_PATHS = NO;
				ASSETCATALOG_COMPILER_GENERATE_SWIFT_ASSET_SYMBOL_EXTENSIONS = YES;
				CLANG_ANALYZER_NONNULL = YES;
				CLANG_ANALYZER_NUMBER_OBJECT_CONVERSION = YES_AGGRESSIVE;
				CLANG_CXX_LANGUAGE_STANDARD = "gnu++20";
				CLANG_ENABLE_MODULES = YES;
				CLANG_ENABLE_OBJC_ARC = YES;
				CLANG_ENABLE_OBJC_WEAK = YES;
				CLANG_WARN_BLOCK_CAPTURE_AUTORELEASING = YES;
				CLANG_WARN_BOOL_CONVERSION = YES;
				CLANG_WARN_COMMA = YES;
				CLANG_WARN_CONSTANT_CONVERSION = YES;
				CLANG_WARN_DEPRECATED_OBJC_IMPLEMENTATIONS = YES;
				CLANG_WARN_DIRECT_OBJC_ISA_USAGE = YES_ERROR;
				CLANG_WARN_DOCUMENTATION_COMMENTS = YES;
				CLANG_WARN_EMPTY_BODY = YES;
				CLANG_WARN_ENUM_CONVERSION = YES;
				CLANG_WARN_INFINITE_RECURSION = YES;
				CLANG_WARN_INT_CONVERSION = YES;
				CLANG_WARN_NON_LITERAL_NULL_CONVERSION = YES;
				CLANG_WARN_OBJC_IMPLICIT_RETAIN_SELF = YES;
				CLANG_WARN_OBJC_LITERAL_CONVERSION = YES;
				CLANG_WARN_OBJC_ROOT_CLASS = YES_ERROR;
				CLANG_WARN_QUOTED_INCLUDE_IN_FRAMEWORK_HEADER = YES;
				CLANG_WARN_RANGE_LOOP_ANALYSIS = YES;
				CLANG_WARN_STRICT_PROTOTYPES = YES;
				CLANG_WARN_SUSPICIOUS_MOVE = YES;
				CLANG_WARN_UNGUARDED_AVAILABILITY = YES_AGGRESSIVE;
				CLANG_WARN_UNREACHABLE_CODE = YES;
				CLANG_WARN__DUPLICATE_METHOD_MATCH = YES;
				COPY_PHASE_STRIP = NO;
				DEBUG_INFORMATION_FORMAT = dwarf;
				ENABLE_STRICT_OBJC_MSGSEND = YES;
				ENABLE_TESTABILITY = YES;
				ENABLE_USER_SCRIPT_SANDBOXING = YES;
				GCC_C_LANGUAGE_STANDARD = gnu17;
				GCC_DYNAMIC_NO_PIC = NO;
				GCC_NO_COMMON_BLOCKS = YES;
				GCC_OPTIMIZATION_LEVEL = 0;
				GCC_PREPROCESSOR_DEFINITIONS = (
					"DEBUG=1",
					"$(inherited)",
				);
				GCC_WARN_64_TO_32_BIT_CONVERSION = YES;
				GCC_WARN_ABOUT_RETURN_TYPE = YES_ERROR;
				GCC_WARN_UNDECLARED_SELECTOR = YES;
				GCC_WARN_UNINITIALIZED_AUTOS = YES_AGGRESSIVE;
				GCC_WARN_UNUSED_FUNCTION = YES;
				GCC_WARN_UNUSED_VARIABLE = YES;
				IPHONEOS_DEPLOYMENT_TARGET = 17.0;
				LOCALIZATION_PREFERS_STRING_CATALOGS = YES;
				MTL_ENABLE_DEBUG_INFO = INCLUDE_SOURCE;
				MTL_FAST_MATH = YES;
				ONLY_ACTIVE_ARCH = YES;
				SDKROOT = iphoneos;
				SWIFT_ACTIVE_COMPILATION_CONDITIONS = "DEBUG $(inherited)";
				SWIFT_OPTIMIZATION_LEVEL = "-Onone";
			};
			name = Debug;
		};
		F9D268E92C514D210096BC47 /* Release */ = {
			isa = XCBuildConfiguration;
			buildSettings = {
				ALWAYS_SEARCH_USER_PATHS = NO;
				ASSETCATALOG_COMPILER_GENERATE_SWIFT_ASSET_SYMBOL_EXTENSIONS = YES;
				CLANG_ANALYZER_NONNULL = YES;
				CLANG_ANALYZER_NUMBER_OBJECT_CONVERSION = YES_AGGRESSIVE;
				CLANG_CXX_LANGUAGE_STANDARD = "gnu++20";
				CLANG_ENABLE_MODULES = YES;
				CLANG_ENABLE_OBJC_ARC = YES;
				CLANG_ENABLE_OBJC_WEAK = YES;
				CLANG_WARN_BLOCK_CAPTURE_AUTORELEASING = YES;
				CLANG_WARN_BOOL_CONVERSION = YES;
				CLANG_WARN_COMMA = YES;
				CLANG_WARN_CONSTANT_CONVERSION = YES;
				CLANG_WARN_DEPRECATED_OBJC_IMPLEMENTATIONS = YES;
				CLANG_WARN_DIRECT_OBJC_ISA_USAGE = YES_ERROR;
				CLANG_WARN_DOCUMENTATION_COMMENTS = YES;
				CLANG_WARN_EMPTY_BODY = YES;
				CLANG_WARN_ENUM_CONVERSION = YES;
				CLANG_WARN_INFINITE_RECURSION = YES;
				CLANG_WARN_INT_CONVERSION = YES;
				CLANG_WARN_NON_LITERAL_NULL_CONVERSION = YES;
				CLANG_WARN_OBJC_IMPLICIT_RETAIN_SELF = YES;
				CLANG_WARN_OBJC_LITERAL_CONVERSION = YES;
				CLANG_WARN_OBJC_ROOT_CLASS = YES_ERROR;
				CLANG_WARN_QUOTED_INCLUDE_IN_FRAMEWORK_HEADER = YES;
				CLANG_WARN_RANGE_LOOP_ANALYSIS = YES;
				CLANG_WARN_STRICT_PROTOTYPES = YES;
				CLANG_WARN_SUSPICIOUS_MOVE = YES;
				CLANG_WARN_UNGUARDED_AVAILABILITY = YES_AGGRESSIVE;
				CLANG_WARN_UNREACHABLE_CODE = YES;
				CLANG_WARN__DUPLICATE_METHOD_MATCH = YES;
				COPY_PHASE_STRIP = NO;
				DEBUG_INFORMATION_FORMAT = "dwarf-with-dsym";
				ENABLE_NS_ASSERTIONS = NO;
				ENABLE_STRICT_OBJC_MSGSEND = YES;
				ENABLE_USER_SCRIPT_SANDBOXING = YES;
				GCC_C_LANGUAGE_STANDARD = gnu17;
				GCC_NO_COMMON_BLOCKS = YES;
				GCC_WARN_64_TO_32_BIT_CONVERSION = YES;
				GCC_WARN_ABOUT_RETURN_TYPE = YES_ERROR;
				GCC_WARN_UNDECLARED_SELECTOR = YES;
				GCC_WARN_UNINITIALIZED_AUTOS = YES_AGGRESSIVE;
				GCC_WARN_UNUSED_FUNCTION = YES;
				GCC_WARN_UNUSED_VARIABLE = YES;
				IPHONEOS_DEPLOYMENT_TARGET = 17.0;
				LOCALIZATION_PREFERS_STRING_CATALOGS = YES;
				MTL_ENABLE_DEBUG_INFO = NO;
				MTL_FAST_MATH = YES;
				SDKROOT = iphoneos;
				SWIFT_COMPILATION_MODE = wholemodule;
				VALIDATE_PRODUCT = YES;
			};
			name = Release;
		};
		F9D268EB2C514D210096BC47 /* Debug */ = {
			isa = XCBuildConfiguration;
			buildSettings = {
				ASSETCATALOG_COMPILER_APPICON_NAME = AppIcon;
				ASSETCATALOG_COMPILER_GLOBAL_ACCENT_COLOR_NAME = AccentColor;
				CODE_SIGN_STYLE = Automatic;
				CURRENT_PROJECT_VERSION = 1;
				GENERATE_INFOPLIST_FILE = YES;
				INFOPLIST_FILE = Assignment/Info.plist;
				INFOPLIST_KEY_UIApplicationSupportsIndirectInputEvents = YES;
				INFOPLIST_KEY_UILaunchStoryboardName = LaunchScreen;
				INFOPLIST_KEY_UIMainStoryboardFile = Main;
				INFOPLIST_KEY_UISupportedInterfaceOrientations_iPad = "UIInterfaceOrientationPortrait UIInterfaceOrientationPortraitUpsideDown UIInterfaceOrientationLandscapeLeft UIInterfaceOrientationLandscapeRight";
				INFOPLIST_KEY_UISupportedInterfaceOrientations_iPhone = "UIInterfaceOrientationPortrait UIInterfaceOrientationLandscapeLeft UIInterfaceOrientationLandscapeRight";
				LD_RUNPATH_SEARCH_PATHS = (
					"$(inherited)",
					"@executable_path/Frameworks",
				);
				MARKETING_VERSION = 1.0;
				PRODUCT_BUNDLE_IDENTIFIER = com.rohit.product.Assignment;
				PRODUCT_NAME = "$(TARGET_NAME)";
				SWIFT_EMIT_LOC_STRINGS = YES;
				SWIFT_VERSION = 5.0;
				TARGETED_DEVICE_FAMILY = "1,2";
			};
			name = Debug;
		};
		F9D268EC2C514D210096BC47 /* Release */ = {
			isa = XCBuildConfiguration;
			buildSettings = {
				ASSETCATALOG_COMPILER_APPICON_NAME = AppIcon;
				ASSETCATALOG_COMPILER_GLOBAL_ACCENT_COLOR_NAME = AccentColor;
				CODE_SIGN_STYLE = Automatic;
				CURRENT_PROJECT_VERSION = 1;
				GENERATE_INFOPLIST_FILE = YES;
				INFOPLIST_FILE = Assignment/Info.plist;
				INFOPLIST_KEY_UIApplicationSupportsIndirectInputEvents = YES;
				INFOPLIST_KEY_UILaunchStoryboardName = LaunchScreen;
				INFOPLIST_KEY_UIMainStoryboardFile = Main;
				INFOPLIST_KEY_UISupportedInterfaceOrientations_iPad = "UIInterfaceOrientationPortrait UIInterfaceOrientationPortraitUpsideDown UIInterfaceOrientationLandscapeLeft UIInterfaceOrientationLandscapeRight";
				INFOPLIST_KEY_UISupportedInterfaceOrientations_iPhone = "UIInterfaceOrientationPortrait UIInterfaceOrientationLandscapeLeft UIInterfaceOrientationLandscapeRight";
				LD_RUNPATH_SEARCH_PATHS = (
					"$(inherited)",
					"@executable_path/Frameworks",
				);
				MARKETING_VERSION = 1.0;
				PRODUCT_BUNDLE_IDENTIFIER = com.rohit.product.Assignment;
				PRODUCT_NAME = "$(TARGET_NAME)";
				SWIFT_EMIT_LOC_STRINGS = YES;
				SWIFT_VERSION = 5.0;
				TARGETED_DEVICE_FAMILY = "1,2";
			};
			name = Release;
		};
/* End XCBuildConfiguration section */

/* Begin XCConfigurationList section */
		F9D268D12C514D1F0096BC47 /* Build configuration list for PBXProject "Assignment" */ = {
			isa = XCConfigurationList;
			buildConfigurations = (
				F9D268E82C514D210096BC47 /* Debug */,
				F9D268E92C514D210096BC47 /* Release */,
			);
			defaultConfigurationIsVisible = 0;
			defaultConfigurationName = Release;
		};
		F9D268EA2C514D210096BC47 /* Build configuration list for PBXNativeTarget "Assignment" */ = {
			isa = XCConfigurationList;
			buildConfigurations = (
				F9D268EB2C514D210096BC47 /* Debug */,
				F9D268EC2C514D210096BC47 /* Release */,
			);
			defaultConfigurationIsVisible = 0;
			defaultConfigurationName = Release;
		};
/* End XCConfigurationList section */
	};
	rootObject = F9D268CE2C514D1F0096BC47 /* Project object */;
}
